{
  "originHash" : "d3235d73ec4cc8cf76a1333452606d4dc8662b4fee6a66a8e120df026c72bac5",
  "pins" : [
    {
      "identity" : "hotkey",
      "kind" : "remoteSourceControl",
      "location" : "https://github.com/soffes/HotKey.git",
      "state" : {
        "branch" : "main",
        "revision" : "4d02d80de143d69b7eeb5962729591a157a57ede"
      }
    },
    {
      "identity" : "inferno",
      "kind" : "remoteSourceControl",
      "location" : "https://github.com/twostraws/Inferno.git",
      "state" : {
        "branch" : "main",
        "revision" : "9c0941c91b9dc0e22e471bda0ac89f6e676d59b1"
      }
    },
    {
      "identity" : "masshortcut",
      "kind" : "remoteSourceControl",
      "location" : "https://github.com/cocoabits/MASShortcut.git",
      "state" : {
        "branch" : "master",
        "revision" : "6f2603c6b6cc18f64a799e5d2c9d3bbc467c413a"
      }
    }
  ],
  "version" : 3
}
