{
  "originHash" : "30d84d38a248482835cd2044bfde11d12416d6a16fd39755a693487c36f841f1",
  "pins" : [
    {
      "identity" : "variablur",
      "kind" : "remoteSourceControl",
      "location" : "https://github.com/daprice/Variablur.git",
      "state" : {
        "branch" : "main",
        "revision" : "29fdd8c5e2721c1706b0ed8008d516f8d8d75879"
      }
    }
  ],
  "version" : 3
}
