{
  "originHash" : "5f3885bc3624f495108e93d958039015e353a37574bd00de9c0f14332f63aec3",
  "pins" : [
    {
      "identity" : "hotkey",
      "kind" : "remoteSourceControl",
      "location" : "https://github.com/soffes/HotKey.git",
      "state" : {
        "branch" : "main",
        "revision" : "4d02d80de143d69b7eeb5962729591a157a57ede"
      }
    },
    {
      "identity" : "inferno",
      "kind" : "remoteSourceControl",
      "location" : "https://github.com/twostraws/Inferno.git",
      "state" : {
        "branch" : "main",
        "revision" : "9c0941c91b9dc0e22e471bda0ac89f6e676d59b1"
      }
    }
  ],
  "version" : 3
}
