// !$*UTF8*$!
{
	archiveVersion = 1;
	classes = {
	};
	objectVersion = 56;
	objects = {

/* Begin PBXBuildFile section */
		ECE27E02289C94E700FEAADD /* Application.swift in Sources */ = {isa = PBXBuildFile; fileRef = ECE27E01289C94E700FEAADD /* Application.swift */; };
		ECE27E04289C94E700FEAADD /* ContentView.swift in Sources */ = {isa = PBXBuildFile; fileRef = ECE27E03289C94E700FEAADD /* ContentView.swift */; };
		ECE27E06289C94E800FEAADD /* Assets.xcassets in Resources */ = {isa = PBXBuildFile; fileRef = ECE27E05289C94E800FEAADD /* Assets.xcassets */; };
		ECE27E09289C94E800FEAADD /* Preview Assets.xcassets in Resources */ = {isa = PBXBuildFile; fileRef = ECE27E08289C94E800FEAADD /* Preview Assets.xcassets */; };
		ECE27E14289C94E800FEAADD /* CappellaTests.swift in Sources */ = {isa = PBXBuildFile; fileRef = ECE27E13289C94E800FEAADD /* CappellaTests.swift */; };
/* End PBXBuildFile section */

/* Begin PBXContainerItemProxy section */
		ECE27E10289C94E800FEAADD /* PBXContainerItemProxy */ = {
			isa = PBXContainerItemProxy;
			containerPortal = ECE27DF6289C94E700FEAADD /* Project object */;
			proxyType = 1;
			remoteGlobalIDString = ECE27DFD289C94E700FEAADD;
			remoteInfo = Cappella;
		};
/* End PBXContainerItemProxy section */

/* Begin PBXFileReference section */
		ECE27DFE289C94E700FEAADD /* Cappella.app */ = {isa = PBXFileReference; explicitFileType = wrapper.application; includeInIndex = 0; path = Cappella.app; sourceTree = BUILT_PRODUCTS_DIR; };
		ECE27E01289C94E700FEAADD /* Application.swift */ = {isa = PBXFileReference; lastKnownFileType = sourcecode.swift; path = Application.swift; sourceTree = "<group>"; };
		ECE27E03289C94E700FEAADD /* ContentView.swift */ = {isa = PBXFileReference; lastKnownFileType = sourcecode.swift; path = ContentView.swift; sourceTree = "<group>"; };
		ECE27E05289C94E800FEAADD /* Assets.xcassets */ = {isa = PBXFileReference; lastKnownFileType = folder.assetcatalog; path = Assets.xcassets; sourceTree = "<group>"; };
		ECE27E08289C94E800FEAADD /* Preview Assets.xcassets */ = {isa = PBXFileReference; lastKnownFileType = folder.assetcatalog; path = "Preview Assets.xcassets"; sourceTree = "<group>"; };
		ECE27E0A289C94E800FEAADD /* Entitlements.entitlements */ = {isa = PBXFileReference; lastKnownFileType = text.plist.entitlements; path = Entitlements.entitlements; sourceTree = "<group>"; };
		ECE27E0F289C94E800FEAADD /* CappellaTests.xctest */ = {isa = PBXFileReference; explicitFileType = wrapper.cfbundle; includeInIndex = 0; path = CappellaTests.xctest; sourceTree = BUILT_PRODUCTS_DIR; };
		ECE27E13289C94E800FEAADD /* CappellaTests.swift */ = {isa = PBXFileReference; lastKnownFileType = sourcecode.swift; path = CappellaTests.swift; sourceTree = "<group>"; };
		ECE27E2D289C950D00FEAADD /* Shared.xcconfig */ = {isa = PBXFileReference; lastKnownFileType = text.xcconfig; path = Shared.xcconfig; sourceTree = "<group>"; };
		ECE27E2E289C952400FEAADD /* Development.xcconfig */ = {isa = PBXFileReference; lastKnownFileType = text.xcconfig; path = Development.xcconfig; sourceTree = "<group>"; };
		ECE27E2F289C955600FEAADD /* Staging.xcconfig */ = {isa = PBXFileReference; lastKnownFileType = text.xcconfig; path = Staging.xcconfig; sourceTree = "<group>"; };
		ECE27E30289C955600FEAADD /* Production.xcconfig */ = {isa = PBXFileReference; lastKnownFileType = text.xcconfig; path = Production.xcconfig; sourceTree = "<group>"; };
		ECE27E33289D950700FEAADD /* Testing.xcconfig */ = {isa = PBXFileReference; lastKnownFileType = text.xcconfig; path = Testing.xcconfig; sourceTree = "<group>"; };
/* End PBXFileReference section */

/* Begin PBXFrameworksBuildPhase section */
		ECE27DFB289C94E700FEAADD /* Frameworks */ = {
			isa = PBXFrameworksBuildPhase;
			buildActionMask = 2147483647;
			files = (
			);
			runOnlyForDeploymentPostprocessing = 0;
		};
		ECE27E0C289C94E800FEAADD /* Frameworks */ = {
			isa = PBXFrameworksBuildPhase;
			buildActionMask = 2147483647;
			files = (
			);
			runOnlyForDeploymentPostprocessing = 0;
		};
/* End PBXFrameworksBuildPhase section */

/* Begin PBXGroup section */
		ECE27DF5289C94E700FEAADD = {
			isa = PBXGroup;
			children = (
				ECE27E2C289C94F700FEAADD /* Configuration */,
				ECE27E00289C94E700FEAADD /* Source */,
				ECE27E12289C94E800FEAADD /* Tests */,
				ECE27DFF289C94E700FEAADD /* Products */,
			);
			sourceTree = "<group>";
		};
		ECE27DFF289C94E700FEAADD /* Products */ = {
			isa = PBXGroup;
			children = (
				ECE27DFE289C94E700FEAADD /* Cappella.app */,
				ECE27E0F289C94E800FEAADD /* CappellaTests.xctest */,
			);
			name = Products;
			sourceTree = "<group>";
		};
		ECE27E00289C94E700FEAADD /* Source */ = {
			isa = PBXGroup;
			children = (
				ECE27E01289C94E700FEAADD /* Application.swift */,
				ECE27E03289C94E700FEAADD /* ContentView.swift */,
				ECE27E05289C94E800FEAADD /* Assets.xcassets */,
				ECE27E0A289C94E800FEAADD /* Entitlements.entitlements */,
				ECE27E07289C94E800FEAADD /* Preview Content */,
			);
			path = Source;
			sourceTree = "<group>";
		};
		ECE27E07289C94E800FEAADD /* Preview Content */ = {
			isa = PBXGroup;
			children = (
				ECE27E08289C94E800FEAADD /* Preview Assets.xcassets */,
			);
			path = "Preview Content";
			sourceTree = "<group>";
		};
		ECE27E12289C94E800FEAADD /* Tests */ = {
			isa = PBXGroup;
			children = (
				ECE27E13289C94E800FEAADD /* CappellaTests.swift */,
			);
			path = Tests;
			sourceTree = "<group>";
		};
		ECE27E2C289C94F700FEAADD /* Configuration */ = {
			isa = PBXGroup;
			children = (
				ECE27E2D289C950D00FEAADD /* Shared.xcconfig */,
				ECE27E2E289C952400FEAADD /* Development.xcconfig */,
				ECE27E2F289C955600FEAADD /* Staging.xcconfig */,
				ECE27E30289C955600FEAADD /* Production.xcconfig */,
				ECE27E33289D950700FEAADD /* Testing.xcconfig */,
			);
			path = Configuration;
			sourceTree = "<group>";
		};
/* End PBXGroup section */

/* Begin PBXNativeTarget section */
		ECE27DFD289C94E700FEAADD /* Cappella */ = {
			isa = PBXNativeTarget;
			buildConfigurationList = ECE27E23289C94E800FEAADD /* Build configuration list for PBXNativeTarget "Cappella" */;
			buildPhases = (
				ECE27DFA289C94E700FEAADD /* Sources */,
				ECE27DFB289C94E700FEAADD /* Frameworks */,
				ECE27DFC289C94E700FEAADD /* Resources */,
			);
			buildRules = (
			);
			dependencies = (
			);
			name = Cappella;
			productName = Cappella;
			productReference = ECE27DFE289C94E700FEAADD /* Cappella.app */;
			productType = "com.apple.product-type.application";
		};
		ECE27E0E289C94E800FEAADD /* CappellaTests */ = {
			isa = PBXNativeTarget;
			buildConfigurationList = ECE27E26289C94E800FEAADD /* Build configuration list for PBXNativeTarget "CappellaTests" */;
			buildPhases = (
				ECE27E0B289C94E800FEAADD /* Sources */,
				ECE27E0C289C94E800FEAADD /* Frameworks */,
				ECE27E0D289C94E800FEAADD /* Resources */,
			);
			buildRules = (
			);
			dependencies = (
				ECE27E11289C94E800FEAADD /* PBXTargetDependency */,
			);
			name = CappellaTests;
			productName = CappellaTests;
			productReference = ECE27E0F289C94E800FEAADD /* CappellaTests.xctest */;
			productType = "com.apple.product-type.bundle.unit-test";
		};
/* End PBXNativeTarget section */

/* Begin PBXProject section */
		ECE27DF6289C94E700FEAADD /* Project object */ = {
			isa = PBXProject;
			attributes = {
				BuildIndependentTargetsInParallel = 1;
				LastSwiftUpdateCheck = 1400;
				LastUpgradeCheck = 1400;
				ORGANIZATIONNAME = "Sophiestication Software";
				TargetAttributes = {
					ECE27DFD289C94E700FEAADD = {
						CreatedOnToolsVersion = 14.0;
					};
					ECE27E0E289C94E800FEAADD = {
						CreatedOnToolsVersion = 14.0;
						TestTargetID = ECE27DFD289C94E700FEAADD;
					};
				};
			};
			buildConfigurationList = ECE27DF9289C94E700FEAADD /* Build configuration list for PBXProject "Cappella" */;
			compatibilityVersion = "Xcode 14.0";
			developmentRegion = en;
			hasScannedForEncodings = 0;
			knownRegions = (
				en,
				Base,
			);
			mainGroup = ECE27DF5289C94E700FEAADD;
			productRefGroup = ECE27DFF289C94E700FEAADD /* Products */;
			projectDirPath = "";
			projectRoot = "";
			targets = (
				ECE27DFD289C94E700FEAADD /* Cappella */,
				ECE27E0E289C94E800FEAADD /* CappellaTests */,
			);
		};
/* End PBXProject section */

/* Begin PBXResourcesBuildPhase section */
		ECE27DFC289C94E700FEAADD /* Resources */ = {
			isa = PBXResourcesBuildPhase;
			buildActionMask = 2147483647;
			files = (
				ECE27E09289C94E800FEAADD /* Preview Assets.xcassets in Resources */,
				ECE27E06289C94E800FEAADD /* Assets.xcassets in Resources */,
			);
			runOnlyForDeploymentPostprocessing = 0;
		};
		ECE27E0D289C94E800FEAADD /* Resources */ = {
			isa = PBXResourcesBuildPhase;
			buildActionMask = 2147483647;
			files = (
			);
			runOnlyForDeploymentPostprocessing = 0;
		};
/* End PBXResourcesBuildPhase section */

/* Begin PBXSourcesBuildPhase section */
		ECE27DFA289C94E700FEAADD /* Sources */ = {
			isa = PBXSourcesBuildPhase;
			buildActionMask = 2147483647;
			files = (
				ECE27E04289C94E700FEAADD /* ContentView.swift in Sources */,
				ECE27E02289C94E700FEAADD /* Application.swift in Sources */,
			);
			runOnlyForDeploymentPostprocessing = 0;
		};
		ECE27E0B289C94E800FEAADD /* Sources */ = {
			isa = PBXSourcesBuildPhase;
			buildActionMask = 2147483647;
			files = (
				ECE27E14289C94E800FEAADD /* CappellaTests.swift in Sources */,
			);
			runOnlyForDeploymentPostprocessing = 0;
		};
/* End PBXSourcesBuildPhase section */

/* Begin PBXTargetDependency section */
		ECE27E11289C94E800FEAADD /* PBXTargetDependency */ = {
			isa = PBXTargetDependency;
			target = ECE27DFD289C94E700FEAADD /* Cappella */;
			targetProxy = ECE27E10289C94E800FEAADD /* PBXContainerItemProxy */;
		};
/* End PBXTargetDependency section */

/* Begin XCBuildConfiguration section */
		ECE27E21289C94E800FEAADD /* Debug */ = {
			isa = XCBuildConfiguration;
			baseConfigurationReference = ECE27E2E289C952400FEAADD /* Development.xcconfig */;
			buildSettings = {
			};
			name = Debug;
		};
		ECE27E22289C94E800FEAADD /* Release */ = {
			isa = XCBuildConfiguration;
			baseConfigurationReference = ECE27E30289C955600FEAADD /* Production.xcconfig */;
			buildSettings = {
			};
			name = Release;
		};
		ECE27E24289C94E800FEAADD /* Debug */ = {
			isa = XCBuildConfiguration;
			baseConfigurationReference = ECE27E2E289C952400FEAADD /* Development.xcconfig */;
			buildSettings = {
			};
			name = Debug;
		};
		ECE27E25289C94E800FEAADD /* Release */ = {
			isa = XCBuildConfiguration;
			baseConfigurationReference = ECE27E30289C955600FEAADD /* Production.xcconfig */;
			buildSettings = {
			};
			name = Release;
		};
		ECE27E27289C94E800FEAADD /* Debug */ = {
			isa = XCBuildConfiguration;
			baseConfigurationReference = ECE27E33289D950700FEAADD /* Testing.xcconfig */;
			buildSettings = {
			};
			name = Debug;
		};
		ECE27E28289C94E800FEAADD /* Release */ = {
			isa = XCBuildConfiguration;
			baseConfigurationReference = ECE27E33289D950700FEAADD /* Testing.xcconfig */;
			buildSettings = {
			};
			name = Release;
		};
/* End XCBuildConfiguration section */

/* Begin XCConfigurationList section */
		ECE27DF9289C94E700FEAADD /* Build configuration list for PBXProject "Cappella" */ = {
			isa = XCConfigurationList;
			buildConfigurations = (
				ECE27E21289C94E800FEAADD /* Debug */,
				ECE27E22289C94E800FEAADD /* Release */,
			);
			defaultConfigurationIsVisible = 0;
			defaultConfigurationName = Release;
		};
		ECE27E23289C94E800FEAADD /* Build configuration list for PBXNativeTarget "Cappella" */ = {
			isa = XCConfigurationList;
			buildConfigurations = (
				ECE27E24289C94E800FEAADD /* Debug */,
				ECE27E25289C94E800FEAADD /* Release */,
			);
			defaultConfigurationIsVisible = 0;
			defaultConfigurationName = Release;
		};
		ECE27E26289C94E800FEAADD /* Build configuration list for PBXNativeTarget "CappellaTests" */ = {
			isa = XCConfigurationList;
			buildConfigurations = (
				ECE27E27289C94E800FEAADD /* Debug */,
				ECE27E28289C94E800FEAADD /* Release */,
			);
			defaultConfigurationIsVisible = 0;
			defaultConfigurationName = Release;
		};
/* End XCConfigurationList section */
	};
	rootObject = ECE27DF6289C94E700FEAADD /* Project object */;
}
