// !$*UTF8*$!
{
	archiveVersion = 1;
	classes = {
	};
	objectVersion = 70;
	objects = {

/* Begin PBXBuildFile section */
		E6030FEA2C4D0C770085C9FA /* MenuButtonStyle.swift in Sources */ = {isa = PBXBuildFile; fileRef = E6030FE92C4D0C770085C9FA /* MenuButtonStyle.swift */; };
		E6030FEC2C4D0D260085C9FA /* TextButtonStyle.swift in Sources */ = {isa = PBXBuildFile; fileRef = E6030FEB2C4D0D260085C9FA /* TextButtonStyle.swift */; };
		E60946F22C4AC2EA009D90BA /* AuthorizationView.swift in Sources */ = {isa = PBXBuildFile; fileRef = E60946F12C4AC2EA009D90BA /* AuthorizationView.swift */; };
		E60946F62C4B9986009D90BA /* MusicSearchView.swift in Sources */ = {isa = PBXBuildFile; fileRef = E60946F52C4B9986009D90BA /* MusicSearchView.swift */; };
		E6283F9A2C41739400158C13 /* ApplicationView.swift in Sources */ = {isa = PBXBuildFile; fileRef = E6283F992C41739400158C13 /* ApplicationView.swift */; };
		E63C52332C4D29CD00CAEB2F /* Glur in Frameworks */ = {isa = PBXBuildFile; productRef = E63C52322C4D29CD00CAEB2F /* Glur */; };
		E6590E632C61FC4D0096EBAF /* OpenNowPlayingAction.swift in Sources */ = {isa = PBXBuildFile; fileRef = E6590E622C61FC4D0096EBAF /* OpenNowPlayingAction.swift */; };
		E6590E682C64AF490096EBAF /* Nuke in Frameworks */ = {isa = PBXBuildFile; productRef = E6590E672C64AF490096EBAF /* Nuke */; };
		E6590E6A2C64AF490096EBAF /* NukeUI in Frameworks */ = {isa = PBXBuildFile; productRef = E6590E692C64AF490096EBAF /* NukeUI */; };
		E6590E6E2C64D89B0096EBAF /* MusicSearchArtworkImage.swift in Sources */ = {isa = PBXBuildFile; fileRef = E6590E6D2C64D89B0096EBAF /* MusicSearchArtworkImage.swift */; };
		E666112B2C2C1782007839E6 /* Cappella.swift in Sources */ = {isa = PBXBuildFile; fileRef = E666112A2C2C1782007839E6 /* Cappella.swift */; };
		E666112D2C2C1783007839E6 /* Assets.xcassets in Resources */ = {isa = PBXBuildFile; fileRef = E666112C2C2C1783007839E6 /* Assets.xcassets */; };
		E66611302C2C1783007839E6 /* Base in Resources */ = {isa = PBXBuildFile; fileRef = E666112F2C2C1783007839E6 /* Base */; };
		E666113B2C2C1783007839E6 /* CappellaTests.swift in Sources */ = {isa = PBXBuildFile; fileRef = E666113A2C2C1783007839E6 /* CappellaTests.swift */; };
		E66611452C2C1783007839E6 /* CappellaUITests.swift in Sources */ = {isa = PBXBuildFile; fileRef = E66611442C2C1783007839E6 /* CappellaUITests.swift */; };
		E66611472C2C1783007839E6 /* CappellaUITestsLaunchTests.swift in Sources */ = {isa = PBXBuildFile; fileRef = E66611462C2C1783007839E6 /* CappellaUITestsLaunchTests.swift */; };
		E667CD752C550391000718FC /* ContentScrollView.swift in Sources */ = {isa = PBXBuildFile; fileRef = E667CD742C550391000718FC /* ContentScrollView.swift */; };
		E667CD792C55FC74000718FC /* Variablur in Frameworks */ = {isa = PBXBuildFile; productRef = E667CD782C55FC74000718FC /* Variablur */; };
		E667CD7C2C560841000718FC /* VisualEffectView.swift in Sources */ = {isa = PBXBuildFile; fileRef = E667CD7B2C560841000718FC /* VisualEffectView.swift */; };
		E684138A2C5899E20019FB15 /* MusicSearch.swift in Sources */ = {isa = PBXBuildFile; fileRef = E68413892C5899E20019FB15 /* MusicSearch.swift */; };
		E6A81D122C4177C300DAC24B /* NowPlayingView.swift in Sources */ = {isa = PBXBuildFile; fileRef = E6A81D112C4177C300DAC24B /* NowPlayingView.swift */; };
		E6A81D142C4177DF00DAC24B /* PlaybackView.swift in Sources */ = {isa = PBXBuildFile; fileRef = E6A81D132C4177DF00DAC24B /* PlaybackView.swift */; };
		E6ADDBF22C3532AF0088D9C8 /* PlatterWindow.swift in Sources */ = {isa = PBXBuildFile; fileRef = E6ADDBF12C3532AF0088D9C8 /* PlatterWindow.swift */; };
		E6ADDBF42C3B0B8F0088D9C8 /* MenuBarExtra.swift in Sources */ = {isa = PBXBuildFile; fileRef = E6ADDBF32C3B0B8F0088D9C8 /* MenuBarExtra.swift */; };
		E6F11E592C56A9BA00AA45FC /* PlatterView.swift in Sources */ = {isa = PBXBuildFile; fileRef = E6F11E582C56A9BA00AA45FC /* PlatterView.swift */; };
/* End PBXBuildFile section */

/* Begin PBXContainerItemProxy section */
		E66611372C2C1783007839E6 /* PBXContainerItemProxy */ = {
			isa = PBXContainerItemProxy;
			containerPortal = E666111F2C2C1782007839E6 /* Project object */;
			proxyType = 1;
			remoteGlobalIDString = E66611262C2C1782007839E6;
			remoteInfo = Cappella;
		};
		E66611412C2C1783007839E6 /* PBXContainerItemProxy */ = {
			isa = PBXContainerItemProxy;
			containerPortal = E666111F2C2C1782007839E6 /* Project object */;
			proxyType = 1;
			remoteGlobalIDString = E66611262C2C1782007839E6;
			remoteInfo = Cappella;
		};
/* End PBXContainerItemProxy section */

/* Begin PBXFileReference section */
		E6030FE92C4D0C770085C9FA /* MenuButtonStyle.swift */ = {isa = PBXFileReference; lastKnownFileType = sourcecode.swift; path = MenuButtonStyle.swift; sourceTree = "<group>"; };
		E6030FEB2C4D0D260085C9FA /* TextButtonStyle.swift */ = {isa = PBXFileReference; lastKnownFileType = sourcecode.swift; path = TextButtonStyle.swift; sourceTree = "<group>"; };
		E60946F12C4AC2EA009D90BA /* AuthorizationView.swift */ = {isa = PBXFileReference; lastKnownFileType = sourcecode.swift; path = AuthorizationView.swift; sourceTree = "<group>"; };
		E60946F52C4B9986009D90BA /* MusicSearchView.swift */ = {isa = PBXFileReference; lastKnownFileType = sourcecode.swift; path = MusicSearchView.swift; sourceTree = "<group>"; };
		E6283F992C41739400158C13 /* ApplicationView.swift */ = {isa = PBXFileReference; lastKnownFileType = sourcecode.swift; path = ApplicationView.swift; sourceTree = "<group>"; };
		E6590E622C61FC4D0096EBAF /* OpenNowPlayingAction.swift */ = {isa = PBXFileReference; lastKnownFileType = sourcecode.swift; path = OpenNowPlayingAction.swift; sourceTree = "<group>"; };
		E6590E6D2C64D89B0096EBAF /* MusicSearchArtworkImage.swift */ = {isa = PBXFileReference; lastKnownFileType = sourcecode.swift; path = MusicSearchArtworkImage.swift; sourceTree = "<group>"; };
		E66611272C2C1782007839E6 /* Cappella.app */ = {isa = PBXFileReference; explicitFileType = wrapper.application; includeInIndex = 0; path = Cappella.app; sourceTree = BUILT_PRODUCTS_DIR; };
		E666112A2C2C1782007839E6 /* Cappella.swift */ = {isa = PBXFileReference; lastKnownFileType = sourcecode.swift; path = Cappella.swift; sourceTree = "<group>"; };
		E666112C2C2C1783007839E6 /* Assets.xcassets */ = {isa = PBXFileReference; lastKnownFileType = folder.assetcatalog; path = Assets.xcassets; sourceTree = "<group>"; };
		E666112F2C2C1783007839E6 /* Base */ = {isa = PBXFileReference; lastKnownFileType = file.xib; name = Base; path = Base.lproj/MainMenu.xib; sourceTree = "<group>"; };
		E66611312C2C1783007839E6 /* Cappella.entitlements */ = {isa = PBXFileReference; lastKnownFileType = text.plist.entitlements; path = Cappella.entitlements; sourceTree = "<group>"; };
		E66611362C2C1783007839E6 /* CappellaTests.xctest */ = {isa = PBXFileReference; explicitFileType = wrapper.cfbundle; includeInIndex = 0; path = CappellaTests.xctest; sourceTree = BUILT_PRODUCTS_DIR; };
		E666113A2C2C1783007839E6 /* CappellaTests.swift */ = {isa = PBXFileReference; lastKnownFileType = sourcecode.swift; path = CappellaTests.swift; sourceTree = "<group>"; };
		E66611402C2C1783007839E6 /* CappellaUITests.xctest */ = {isa = PBXFileReference; explicitFileType = wrapper.cfbundle; includeInIndex = 0; path = CappellaUITests.xctest; sourceTree = BUILT_PRODUCTS_DIR; };
		E66611442C2C1783007839E6 /* CappellaUITests.swift */ = {isa = PBXFileReference; lastKnownFileType = sourcecode.swift; path = CappellaUITests.swift; sourceTree = "<group>"; };
		E66611462C2C1783007839E6 /* CappellaUITestsLaunchTests.swift */ = {isa = PBXFileReference; lastKnownFileType = sourcecode.swift; path = CappellaUITestsLaunchTests.swift; sourceTree = "<group>"; };
		E667CD742C550391000718FC /* ContentScrollView.swift */ = {isa = PBXFileReference; lastKnownFileType = sourcecode.swift; path = ContentScrollView.swift; sourceTree = "<group>"; };
		E667CD7B2C560841000718FC /* VisualEffectView.swift */ = {isa = PBXFileReference; lastKnownFileType = sourcecode.swift; path = VisualEffectView.swift; sourceTree = "<group>"; };
		E68413892C5899E20019FB15 /* MusicSearch.swift */ = {isa = PBXFileReference; lastKnownFileType = sourcecode.swift; path = MusicSearch.swift; sourceTree = "<group>"; };
		E6A81D112C4177C300DAC24B /* NowPlayingView.swift */ = {isa = PBXFileReference; lastKnownFileType = sourcecode.swift; path = NowPlayingView.swift; sourceTree = "<group>"; };
		E6A81D132C4177DF00DAC24B /* PlaybackView.swift */ = {isa = PBXFileReference; lastKnownFileType = sourcecode.swift; path = PlaybackView.swift; sourceTree = "<group>"; };
		E6ADDBF12C3532AF0088D9C8 /* PlatterWindow.swift */ = {isa = PBXFileReference; lastKnownFileType = sourcecode.swift; path = PlatterWindow.swift; sourceTree = "<group>"; };
		E6ADDBF32C3B0B8F0088D9C8 /* MenuBarExtra.swift */ = {isa = PBXFileReference; lastKnownFileType = sourcecode.swift; path = MenuBarExtra.swift; sourceTree = "<group>"; };
		E6F11E582C56A9BA00AA45FC /* PlatterView.swift */ = {isa = PBXFileReference; lastKnownFileType = sourcecode.swift; path = PlatterView.swift; sourceTree = "<group>"; };
/* End PBXFileReference section */

/* Begin PBXFileSystemSynchronizedRootGroup section */
		E66611532C2C1B63007839E6 /* Configuration */ = {isa = PBXFileSystemSynchronizedRootGroup; explicitFileTypes = {}; explicitFolders = (); path = Configuration; sourceTree = "<group>"; };
/* End PBXFileSystemSynchronizedRootGroup section */

/* Begin PBXFrameworksBuildPhase section */
		E66611242C2C1782007839E6 /* Frameworks */ = {
			isa = PBXFrameworksBuildPhase;
			buildActionMask = 2147483647;
			files = (
				E6590E682C64AF490096EBAF /* Nuke in Frameworks */,
				E63C52332C4D29CD00CAEB2F /* Glur in Frameworks */,
				E667CD792C55FC74000718FC /* Variablur in Frameworks */,
				E6590E6A2C64AF490096EBAF /* NukeUI in Frameworks */,
			);
			runOnlyForDeploymentPostprocessing = 0;
		};
		E66611332C2C1783007839E6 /* Frameworks */ = {
			isa = PBXFrameworksBuildPhase;
			buildActionMask = 2147483647;
			files = (
			);
			runOnlyForDeploymentPostprocessing = 0;
		};
		E666113D2C2C1783007839E6 /* Frameworks */ = {
			isa = PBXFrameworksBuildPhase;
			buildActionMask = 2147483647;
			files = (
			);
			runOnlyForDeploymentPostprocessing = 0;
		};
/* End PBXFrameworksBuildPhase section */

/* Begin PBXGroup section */
		E666111E2C2C1782007839E6 = {
			isa = PBXGroup;
			children = (
				E66611532C2C1B63007839E6 /* Configuration */,
				E66611292C2C1782007839E6 /* Cappella */,
				E66611392C2C1783007839E6 /* Tests */,
				E66611432C2C1783007839E6 /* UITests */,
				E66611282C2C1782007839E6 /* Products */,
			);
			sourceTree = "<group>";
		};
		E66611282C2C1782007839E6 /* Products */ = {
			isa = PBXGroup;
			children = (
				E66611272C2C1782007839E6 /* Cappella.app */,
				E66611362C2C1783007839E6 /* CappellaTests.xctest */,
				E66611402C2C1783007839E6 /* CappellaUITests.xctest */,
			);
			name = Products;
			sourceTree = "<group>";
		};
		E66611292C2C1782007839E6 /* Cappella */ = {
			isa = PBXGroup;
			children = (
				E667CD812C563DB2000718FC /* Application */,
				E667CD7E2C563D52000718FC /* Music Search */,
				E667CD7F2C563D6D000718FC /* Now Playing */,
				E6F11E572C56A99A00AA45FC /* Platter */,
				E667CD7D2C563D42000718FC /* Shared */,
				E667CD802C563D89000718FC /* Resources */,
			);
			path = Cappella;
			sourceTree = "<group>";
		};
		E66611392C2C1783007839E6 /* Tests */ = {
			isa = PBXGroup;
			children = (
				E666113A2C2C1783007839E6 /* CappellaTests.swift */,
			);
			path = Tests;
			sourceTree = "<group>";
		};
		E66611432C2C1783007839E6 /* UITests */ = {
			isa = PBXGroup;
			children = (
				E66611442C2C1783007839E6 /* CappellaUITests.swift */,
				E66611462C2C1783007839E6 /* CappellaUITestsLaunchTests.swift */,
			);
			path = UITests;
			sourceTree = "<group>";
		};
		E667CD7D2C563D42000718FC /* Shared */ = {
			isa = PBXGroup;
			children = (
				E667CD742C550391000718FC /* ContentScrollView.swift */,
				E6030FEB2C4D0D260085C9FA /* TextButtonStyle.swift */,
				E667CD7B2C560841000718FC /* VisualEffectView.swift */,
			);
			path = Shared;
			sourceTree = "<group>";
		};
		E667CD7E2C563D52000718FC /* Music Search */ = {
			isa = PBXGroup;
			children = (
				E6030FE92C4D0C770085C9FA /* MenuButtonStyle.swift */,
				E68413892C5899E20019FB15 /* MusicSearch.swift */,
				E6590E6D2C64D89B0096EBAF /* MusicSearchArtworkImage.swift */,
				E60946F52C4B9986009D90BA /* MusicSearchView.swift */,
			);
			path = "Music Search";
			sourceTree = "<group>";
		};
		E667CD7F2C563D6D000718FC /* Now Playing */ = {
			isa = PBXGroup;
			children = (
				E6A81D112C4177C300DAC24B /* NowPlayingView.swift */,
				E6A81D132C4177DF00DAC24B /* PlaybackView.swift */,
			);
			path = "Now Playing";
			sourceTree = "<group>";
		};
		E667CD802C563D89000718FC /* Resources */ = {
			isa = PBXGroup;
			children = (
				E66611312C2C1783007839E6 /* Cappella.entitlements */,
				E666112C2C2C1783007839E6 /* Assets.xcassets */,
				E666112E2C2C1783007839E6 /* MainMenu.xib */,
			);
			path = Resources;
			sourceTree = "<group>";
		};
		E667CD812C563DB2000718FC /* Application */ = {
			isa = PBXGroup;
			children = (
				E6283F992C41739400158C13 /* ApplicationView.swift */,
				E60946F12C4AC2EA009D90BA /* AuthorizationView.swift */,
				E666112A2C2C1782007839E6 /* Cappella.swift */,
				E6ADDBF32C3B0B8F0088D9C8 /* MenuBarExtra.swift */,
				E6590E622C61FC4D0096EBAF /* OpenNowPlayingAction.swift */,
			);
			path = Application;
			sourceTree = "<group>";
		};
		E6F11E572C56A99A00AA45FC /* Platter */ = {
			isa = PBXGroup;
			children = (
				E6F11E582C56A9BA00AA45FC /* PlatterView.swift */,
				E6ADDBF12C3532AF0088D9C8 /* PlatterWindow.swift */,
			);
			path = Platter;
			sourceTree = "<group>";
		};
/* End PBXGroup section */

/* Begin PBXNativeTarget section */
		E66611262C2C1782007839E6 /* Cappella */ = {
			isa = PBXNativeTarget;
			buildConfigurationList = E666114A2C2C1783007839E6 /* Build configuration list for PBXNativeTarget "Cappella" */;
			buildPhases = (
				E66611232C2C1782007839E6 /* Sources */,
				E66611242C2C1782007839E6 /* Frameworks */,
				E66611252C2C1782007839E6 /* Resources */,
			);
			buildRules = (
			);
			dependencies = (
			);
			name = Cappella;
			productName = Cappella;
			productReference = E66611272C2C1782007839E6 /* Cappella.app */;
			productType = "com.apple.product-type.application";
		};
		E66611352C2C1783007839E6 /* CappellaTests */ = {
			isa = PBXNativeTarget;
			buildConfigurationList = E666114D2C2C1783007839E6 /* Build configuration list for PBXNativeTarget "CappellaTests" */;
			buildPhases = (
				E66611322C2C1783007839E6 /* Sources */,
				E66611332C2C1783007839E6 /* Frameworks */,
				E66611342C2C1783007839E6 /* Resources */,
			);
			buildRules = (
			);
			dependencies = (
				E66611382C2C1783007839E6 /* PBXTargetDependency */,
			);
			name = CappellaTests;
			productName = CappellaTests;
			productReference = E66611362C2C1783007839E6 /* CappellaTests.xctest */;
			productType = "com.apple.product-type.bundle.unit-test";
		};
		E666113F2C2C1783007839E6 /* CappellaUITests */ = {
			isa = PBXNativeTarget;
			buildConfigurationList = E66611502C2C1783007839E6 /* Build configuration list for PBXNativeTarget "CappellaUITests" */;
			buildPhases = (
				E666113C2C2C1783007839E6 /* Sources */,
				E666113D2C2C1783007839E6 /* Frameworks */,
				E666113E2C2C1783007839E6 /* Resources */,
			);
			buildRules = (
			);
			dependencies = (
				E66611422C2C1783007839E6 /* PBXTargetDependency */,
			);
			name = CappellaUITests;
			productName = CappellaUITests;
			productReference = E66611402C2C1783007839E6 /* CappellaUITests.xctest */;
			productType = "com.apple.product-type.bundle.ui-testing";
		};
/* End PBXNativeTarget section */

/* Begin PBXProject section */
		E666111F2C2C1782007839E6 /* Project object */ = {
			isa = PBXProject;
			attributes = {
				BuildIndependentTargetsInParallel = 1;
				LastSwiftUpdateCheck = 1600;
				LastUpgradeCheck = 1600;
				TargetAttributes = {
					E66611262C2C1782007839E6 = {
						CreatedOnToolsVersion = 16.0;
					};
					E66611352C2C1783007839E6 = {
						CreatedOnToolsVersion = 16.0;
						TestTargetID = E66611262C2C1782007839E6;
					};
					E666113F2C2C1783007839E6 = {
						CreatedOnToolsVersion = 16.0;
						TestTargetID = E66611262C2C1782007839E6;
					};
				};
			};
			buildConfigurationList = E66611222C2C1782007839E6 /* Build configuration list for PBXProject "Cappella" */;
			compatibilityVersion = "Xcode 15.0";
			developmentRegion = en;
			hasScannedForEncodings = 0;
			knownRegions = (
				en,
				Base,
			);
			mainGroup = E666111E2C2C1782007839E6;
			packageReferences = (
				E63C52312C4D289000CAEB2F /* XCRemoteSwiftPackageReference "Glur" */,
				E667CD772C55FC74000718FC /* XCRemoteSwiftPackageReference "Variablur" */,
				E6590E662C64AF490096EBAF /* XCRemoteSwiftPackageReference "Nuke" */,
			);
			productRefGroup = E66611282C2C1782007839E6 /* Products */;
			projectDirPath = "";
			projectRoot = "";
			targets = (
				E66611262C2C1782007839E6 /* Cappella */,
				E66611352C2C1783007839E6 /* CappellaTests */,
				E666113F2C2C1783007839E6 /* CappellaUITests */,
			);
		};
/* End PBXProject section */

/* Begin PBXResourcesBuildPhase section */
		E66611252C2C1782007839E6 /* Resources */ = {
			isa = PBXResourcesBuildPhase;
			buildActionMask = 2147483647;
			files = (
				E666112D2C2C1783007839E6 /* Assets.xcassets in Resources */,
				E66611302C2C1783007839E6 /* Base in Resources */,
			);
			runOnlyForDeploymentPostprocessing = 0;
		};
		E66611342C2C1783007839E6 /* Resources */ = {
			isa = PBXResourcesBuildPhase;
			buildActionMask = 2147483647;
			files = (
			);
			runOnlyForDeploymentPostprocessing = 0;
		};
		E666113E2C2C1783007839E6 /* Resources */ = {
			isa = PBXResourcesBuildPhase;
			buildActionMask = 2147483647;
			files = (
			);
			runOnlyForDeploymentPostprocessing = 0;
		};
/* End PBXResourcesBuildPhase section */

/* Begin PBXSourcesBuildPhase section */
		E66611232C2C1782007839E6 /* Sources */ = {
			isa = PBXSourcesBuildPhase;
			buildActionMask = 2147483647;
			files = (
				E6F11E592C56A9BA00AA45FC /* PlatterView.swift in Sources */,
				E6030FEC2C4D0D260085C9FA /* TextButtonStyle.swift in Sources */,
				E6590E632C61FC4D0096EBAF /* OpenNowPlayingAction.swift in Sources */,
				E684138A2C5899E20019FB15 /* MusicSearch.swift in Sources */,
				E6ADDBF42C3B0B8F0088D9C8 /* MenuBarExtra.swift in Sources */,
				E6ADDBF22C3532AF0088D9C8 /* PlatterWindow.swift in Sources */,
				E60946F62C4B9986009D90BA /* MusicSearchView.swift in Sources */,
				E6283F9A2C41739400158C13 /* ApplicationView.swift in Sources */,
				E6030FEA2C4D0C770085C9FA /* MenuButtonStyle.swift in Sources */,
				E667CD752C550391000718FC /* ContentScrollView.swift in Sources */,
				E667CD7C2C560841000718FC /* VisualEffectView.swift in Sources */,
				E666112B2C2C1782007839E6 /* Cappella.swift in Sources */,
				E6A81D142C4177DF00DAC24B /* PlaybackView.swift in Sources */,
				E60946F22C4AC2EA009D90BA /* AuthorizationView.swift in Sources */,
				E6590E6E2C64D89B0096EBAF /* MusicSearchArtworkImage.swift in Sources */,
				E6A81D122C4177C300DAC24B /* NowPlayingView.swift in Sources */,
			);
			runOnlyForDeploymentPostprocessing = 0;
		};
		E66611322C2C1783007839E6 /* Sources */ = {
			isa = PBXSourcesBuildPhase;
			buildActionMask = 2147483647;
			files = (
				E666113B2C2C1783007839E6 /* CappellaTests.swift in Sources */,
			);
			runOnlyForDeploymentPostprocessing = 0;
		};
		E666113C2C2C1783007839E6 /* Sources */ = {
			isa = PBXSourcesBuildPhase;
			buildActionMask = 2147483647;
			files = (
				E66611472C2C1783007839E6 /* CappellaUITestsLaunchTests.swift in Sources */,
				E66611452C2C1783007839E6 /* CappellaUITests.swift in Sources */,
			);
			runOnlyForDeploymentPostprocessing = 0;
		};
/* End PBXSourcesBuildPhase section */

/* Begin PBXTargetDependency section */
		E66611382C2C1783007839E6 /* PBXTargetDependency */ = {
			isa = PBXTargetDependency;
			target = E66611262C2C1782007839E6 /* Cappella */;
			targetProxy = E66611372C2C1783007839E6 /* PBXContainerItemProxy */;
		};
		E66611422C2C1783007839E6 /* PBXTargetDependency */ = {
			isa = PBXTargetDependency;
			target = E66611262C2C1782007839E6 /* Cappella */;
			targetProxy = E66611412C2C1783007839E6 /* PBXContainerItemProxy */;
		};
/* End PBXTargetDependency section */

/* Begin PBXVariantGroup section */
		E666112E2C2C1783007839E6 /* MainMenu.xib */ = {
			isa = PBXVariantGroup;
			children = (
				E666112F2C2C1783007839E6 /* Base */,
			);
			name = MainMenu.xib;
			sourceTree = "<group>";
		};
/* End PBXVariantGroup section */

/* Begin XCBuildConfiguration section */
		E66611482C2C1783007839E6 /* Debug */ = {
			isa = XCBuildConfiguration;
			buildSettings = {
				ALWAYS_SEARCH_USER_PATHS = NO;
				ASSETCATALOG_COMPILER_GENERATE_SWIFT_ASSET_SYMBOL_EXTENSIONS = YES;
				CLANG_ANALYZER_NONNULL = YES;
				CLANG_ANALYZER_NUMBER_OBJECT_CONVERSION = YES_AGGRESSIVE;
				CLANG_CXX_LANGUAGE_STANDARD = "gnu++20";
				CLANG_ENABLE_MODULES = YES;
				CLANG_ENABLE_OBJC_ARC = YES;
				CLANG_ENABLE_OBJC_WEAK = YES;
				CLANG_WARN_BLOCK_CAPTURE_AUTORELEASING = YES;
				CLANG_WARN_BOOL_CONVERSION = YES;
				CLANG_WARN_COMMA = YES;
				CLANG_WARN_CONSTANT_CONVERSION = YES;
				CLANG_WARN_DEPRECATED_OBJC_IMPLEMENTATIONS = YES;
				CLANG_WARN_DIRECT_OBJC_ISA_USAGE = YES_ERROR;
				CLANG_WARN_DOCUMENTATION_COMMENTS = YES;
				CLANG_WARN_EMPTY_BODY = YES;
				CLANG_WARN_ENUM_CONVERSION = YES;
				CLANG_WARN_INFINITE_RECURSION = YES;
				CLANG_WARN_INT_CONVERSION = YES;
				CLANG_WARN_NON_LITERAL_NULL_CONVERSION = YES;
				CLANG_WARN_OBJC_IMPLICIT_RETAIN_SELF = YES;
				CLANG_WARN_OBJC_LITERAL_CONVERSION = YES;
				CLANG_WARN_OBJC_ROOT_CLASS = YES_ERROR;
				CLANG_WARN_QUOTED_INCLUDE_IN_FRAMEWORK_HEADER = YES;
				CLANG_WARN_RANGE_LOOP_ANALYSIS = YES;
				CLANG_WARN_STRICT_PROTOTYPES = YES;
				CLANG_WARN_SUSPICIOUS_MOVE = YES;
				CLANG_WARN_UNGUARDED_AVAILABILITY = YES_AGGRESSIVE;
				CLANG_WARN_UNREACHABLE_CODE = YES;
				CLANG_WARN__DUPLICATE_METHOD_MATCH = YES;
				COPY_PHASE_STRIP = NO;
				DEBUG_INFORMATION_FORMAT = dwarf;
				ENABLE_STRICT_OBJC_MSGSEND = YES;
				ENABLE_TESTABILITY = YES;
				ENABLE_USER_SCRIPT_SANDBOXING = YES;
				GCC_C_LANGUAGE_STANDARD = gnu17;
				GCC_DYNAMIC_NO_PIC = NO;
				GCC_NO_COMMON_BLOCKS = YES;
				GCC_OPTIMIZATION_LEVEL = 0;
				GCC_PREPROCESSOR_DEFINITIONS = (
					"DEBUG=1",
					"$(inherited)",
				);
				GCC_WARN_64_TO_32_BIT_CONVERSION = YES;
				GCC_WARN_ABOUT_RETURN_TYPE = YES_ERROR;
				GCC_WARN_UNDECLARED_SELECTOR = YES;
				GCC_WARN_UNINITIALIZED_AUTOS = YES_AGGRESSIVE;
				GCC_WARN_UNUSED_FUNCTION = YES;
				GCC_WARN_UNUSED_VARIABLE = YES;
				LOCALIZATION_PREFERS_STRING_CATALOGS = YES;
				MACOSX_DEPLOYMENT_TARGET = 14.5;
				MTL_ENABLE_DEBUG_INFO = INCLUDE_SOURCE;
				MTL_FAST_MATH = YES;
				ONLY_ACTIVE_ARCH = YES;
				SDKROOT = macosx;
				SWIFT_ACTIVE_COMPILATION_CONDITIONS = "DEBUG $(inherited)";
				SWIFT_OPTIMIZATION_LEVEL = "-Onone";
			};
			name = Debug;
		};
		E66611492C2C1783007839E6 /* Release */ = {
			isa = XCBuildConfiguration;
			buildSettings = {
				ALWAYS_SEARCH_USER_PATHS = NO;
				ASSETCATALOG_COMPILER_GENERATE_SWIFT_ASSET_SYMBOL_EXTENSIONS = YES;
				CLANG_ANALYZER_NONNULL = YES;
				CLANG_ANALYZER_NUMBER_OBJECT_CONVERSION = YES_AGGRESSIVE;
				CLANG_CXX_LANGUAGE_STANDARD = "gnu++20";
				CLANG_ENABLE_MODULES = YES;
				CLANG_ENABLE_OBJC_ARC = YES;
				CLANG_ENABLE_OBJC_WEAK = YES;
				CLANG_WARN_BLOCK_CAPTURE_AUTORELEASING = YES;
				CLANG_WARN_BOOL_CONVERSION = YES;
				CLANG_WARN_COMMA = YES;
				CLANG_WARN_CONSTANT_CONVERSION = YES;
				CLANG_WARN_DEPRECATED_OBJC_IMPLEMENTATIONS = YES;
				CLANG_WARN_DIRECT_OBJC_ISA_USAGE = YES_ERROR;
				CLANG_WARN_DOCUMENTATION_COMMENTS = YES;
				CLANG_WARN_EMPTY_BODY = YES;
				CLANG_WARN_ENUM_CONVERSION = YES;
				CLANG_WARN_INFINITE_RECURSION = YES;
				CLANG_WARN_INT_CONVERSION = YES;
				CLANG_WARN_NON_LITERAL_NULL_CONVERSION = YES;
				CLANG_WARN_OBJC_IMPLICIT_RETAIN_SELF = YES;
				CLANG_WARN_OBJC_LITERAL_CONVERSION = YES;
				CLANG_WARN_OBJC_ROOT_CLASS = YES_ERROR;
				CLANG_WARN_QUOTED_INCLUDE_IN_FRAMEWORK_HEADER = YES;
				CLANG_WARN_RANGE_LOOP_ANALYSIS = YES;
				CLANG_WARN_STRICT_PROTOTYPES = YES;
				CLANG_WARN_SUSPICIOUS_MOVE = YES;
				CLANG_WARN_UNGUARDED_AVAILABILITY = YES_AGGRESSIVE;
				CLANG_WARN_UNREACHABLE_CODE = YES;
				CLANG_WARN__DUPLICATE_METHOD_MATCH = YES;
				COPY_PHASE_STRIP = NO;
				DEBUG_INFORMATION_FORMAT = "dwarf-with-dsym";
				ENABLE_NS_ASSERTIONS = NO;
				ENABLE_STRICT_OBJC_MSGSEND = YES;
				ENABLE_USER_SCRIPT_SANDBOXING = YES;
				GCC_C_LANGUAGE_STANDARD = gnu17;
				GCC_NO_COMMON_BLOCKS = YES;
				GCC_WARN_64_TO_32_BIT_CONVERSION = YES;
				GCC_WARN_ABOUT_RETURN_TYPE = YES_ERROR;
				GCC_WARN_UNDECLARED_SELECTOR = YES;
				GCC_WARN_UNINITIALIZED_AUTOS = YES_AGGRESSIVE;
				GCC_WARN_UNUSED_FUNCTION = YES;
				GCC_WARN_UNUSED_VARIABLE = YES;
				LOCALIZATION_PREFERS_STRING_CATALOGS = YES;
				MACOSX_DEPLOYMENT_TARGET = 14.5;
				MTL_ENABLE_DEBUG_INFO = NO;
				MTL_FAST_MATH = YES;
				SDKROOT = macosx;
				SWIFT_COMPILATION_MODE = wholemodule;
			};
			name = Release;
		};
		E666114B2C2C1783007839E6 /* Debug */ = {
			isa = XCBuildConfiguration;
			buildSettings = {
				ASSETCATALOG_COMPILER_APPICON_NAME = AppIcon;
				ASSETCATALOG_COMPILER_GLOBAL_ACCENT_COLOR_NAME = AccentColor;
				CODE_SIGN_ENTITLEMENTS = Cappella/Resources/Cappella.entitlements;
				CODE_SIGN_STYLE = Automatic;
				COMBINE_HIDPI_IMAGES = YES;
				CURRENT_PROJECT_VERSION = 1;
				DEVELOPMENT_TEAM = 3NSYV8YA8F;
				ENABLE_HARDENED_RUNTIME = YES;
				GENERATE_INFOPLIST_FILE = YES;
				INFOPLIST_KEY_CFBundleDisplayName = CoverSutra;
				INFOPLIST_KEY_LSApplicationCategoryType = "public.app-category.music";
				INFOPLIST_KEY_NSAppleMusicUsageDescription = "CoverSutra helps you to search and play Apple Music content.";
				INFOPLIST_KEY_NSHumanReadableCopyright = "";
				INFOPLIST_KEY_NSMainNibFile = MainMenu;
				INFOPLIST_KEY_NSPrincipalClass = NSApplication;
				LD_RUNPATH_SEARCH_PATHS = (
					"$(inherited)",
					"@executable_path/../Frameworks",
				);
				MACOSX_DEPLOYMENT_TARGET = 15.0;
				MARKETING_VERSION = 1.0;
				PRODUCT_BUNDLE_IDENTIFIER = com.sophiestication.mac.CoverSutra;
				PRODUCT_NAME = "$(TARGET_NAME)";
				SWIFT_EMIT_LOC_STRINGS = YES;
				SWIFT_VERSION = 6.0;
			};
			name = Debug;
		};
		E666114C2C2C1783007839E6 /* Release */ = {
			isa = XCBuildConfiguration;
			buildSettings = {
				ASSETCATALOG_COMPILER_APPICON_NAME = AppIcon;
				ASSETCATALOG_COMPILER_GLOBAL_ACCENT_COLOR_NAME = AccentColor;
				CODE_SIGN_ENTITLEMENTS = Cappella/Resources/Cappella.entitlements;
				CODE_SIGN_STYLE = Automatic;
				COMBINE_HIDPI_IMAGES = YES;
				CURRENT_PROJECT_VERSION = 1;
				DEVELOPMENT_TEAM = 3NSYV8YA8F;
				ENABLE_HARDENED_RUNTIME = YES;
				GENERATE_INFOPLIST_FILE = YES;
				INFOPLIST_KEY_CFBundleDisplayName = CoverSutra;
				INFOPLIST_KEY_LSApplicationCategoryType = "public.app-category.music";
				INFOPLIST_KEY_NSAppleMusicUsageDescription = "CoverSutra helps you to search and play Apple Music content.";
				INFOPLIST_KEY_NSHumanReadableCopyright = "";
				INFOPLIST_KEY_NSMainNibFile = MainMenu;
				INFOPLIST_KEY_NSPrincipalClass = NSApplication;
				LD_RUNPATH_SEARCH_PATHS = (
					"$(inherited)",
					"@executable_path/../Frameworks",
				);
				MACOSX_DEPLOYMENT_TARGET = 15.0;
				MARKETING_VERSION = 1.0;
				PRODUCT_BUNDLE_IDENTIFIER = com.sophiestication.mac.CoverSutra;
				PRODUCT_NAME = "$(TARGET_NAME)";
				SWIFT_EMIT_LOC_STRINGS = YES;
				SWIFT_VERSION = 6.0;
			};
			name = Release;
		};
		E666114E2C2C1783007839E6 /* Debug */ = {
			isa = XCBuildConfiguration;
			buildSettings = {
				BUNDLE_LOADER = "$(TEST_HOST)";
				CODE_SIGN_STYLE = Automatic;
				CURRENT_PROJECT_VERSION = 1;
				DEVELOPMENT_TEAM = 3NSYV8YA8F;
				GENERATE_INFOPLIST_FILE = YES;
				MACOSX_DEPLOYMENT_TARGET = 14.5;
				MARKETING_VERSION = 1.0;
				PRODUCT_BUNDLE_IDENTIFIER = com.sophiestication.CappellaTests;
				PRODUCT_NAME = "$(TARGET_NAME)";
				SWIFT_EMIT_LOC_STRINGS = NO;
				SWIFT_VERSION = 5.0;
				TEST_HOST = "$(BUILT_PRODUCTS_DIR)/Cappella.app/$(BUNDLE_EXECUTABLE_FOLDER_PATH)/Cappella";
			};
			name = Debug;
		};
		E666114F2C2C1783007839E6 /* Release */ = {
			isa = XCBuildConfiguration;
			buildSettings = {
				BUNDLE_LOADER = "$(TEST_HOST)";
				CODE_SIGN_STYLE = Automatic;
				CURRENT_PROJECT_VERSION = 1;
				DEVELOPMENT_TEAM = 3NSYV8YA8F;
				GENERATE_INFOPLIST_FILE = YES;
				MACOSX_DEPLOYMENT_TARGET = 14.5;
				MARKETING_VERSION = 1.0;
				PRODUCT_BUNDLE_IDENTIFIER = com.sophiestication.CappellaTests;
				PRODUCT_NAME = "$(TARGET_NAME)";
				SWIFT_EMIT_LOC_STRINGS = NO;
				SWIFT_VERSION = 5.0;
				TEST_HOST = "$(BUILT_PRODUCTS_DIR)/Cappella.app/$(BUNDLE_EXECUTABLE_FOLDER_PATH)/Cappella";
			};
			name = Release;
		};
		E66611512C2C1783007839E6 /* Debug */ = {
			isa = XCBuildConfiguration;
			buildSettings = {
				CODE_SIGN_STYLE = Automatic;
				CURRENT_PROJECT_VERSION = 1;
				DEVELOPMENT_TEAM = 3NSYV8YA8F;
				GENERATE_INFOPLIST_FILE = YES;
				MARKETING_VERSION = 1.0;
				PRODUCT_BUNDLE_IDENTIFIER = com.sophiestication.CappellaUITests;
				PRODUCT_NAME = "$(TARGET_NAME)";
				SWIFT_EMIT_LOC_STRINGS = NO;
				SWIFT_VERSION = 5.0;
				TEST_TARGET_NAME = Cappella;
			};
			name = Debug;
		};
		E66611522C2C1783007839E6 /* Release */ = {
			isa = XCBuildConfiguration;
			buildSettings = {
				CODE_SIGN_STYLE = Automatic;
				CURRENT_PROJECT_VERSION = 1;
				DEVELOPMENT_TEAM = 3NSYV8YA8F;
				GENERATE_INFOPLIST_FILE = YES;
				MARKETING_VERSION = 1.0;
				PRODUCT_BUNDLE_IDENTIFIER = com.sophiestication.CappellaUITests;
				PRODUCT_NAME = "$(TARGET_NAME)";
				SWIFT_EMIT_LOC_STRINGS = NO;
				SWIFT_VERSION = 5.0;
				TEST_TARGET_NAME = Cappella;
			};
			name = Release;
		};
/* End XCBuildConfiguration section */

/* Begin XCConfigurationList section */
		E66611222C2C1782007839E6 /* Build configuration list for PBXProject "Cappella" */ = {
			isa = XCConfigurationList;
			buildConfigurations = (
				E66611482C2C1783007839E6 /* Debug */,
				E66611492C2C1783007839E6 /* Release */,
			);
			defaultConfigurationIsVisible = 0;
			defaultConfigurationName = Release;
		};
		E666114A2C2C1783007839E6 /* Build configuration list for PBXNativeTarget "Cappella" */ = {
			isa = XCConfigurationList;
			buildConfigurations = (
				E666114B2C2C1783007839E6 /* Debug */,
				E666114C2C2C1783007839E6 /* Release */,
			);
			defaultConfigurationIsVisible = 0;
			defaultConfigurationName = Release;
		};
		E666114D2C2C1783007839E6 /* Build configuration list for PBXNativeTarget "CappellaTests" */ = {
			isa = XCConfigurationList;
			buildConfigurations = (
				E666114E2C2C1783007839E6 /* Debug */,
				E666114F2C2C1783007839E6 /* Release */,
			);
			defaultConfigurationIsVisible = 0;
			defaultConfigurationName = Release;
		};
		E66611502C2C1783007839E6 /* Build configuration list for PBXNativeTarget "CappellaUITests" */ = {
			isa = XCConfigurationList;
			buildConfigurations = (
				E66611512C2C1783007839E6 /* Debug */,
				E66611522C2C1783007839E6 /* Release */,
			);
			defaultConfigurationIsVisible = 0;
			defaultConfigurationName = Release;
		};
/* End XCConfigurationList section */

/* Begin XCRemoteSwiftPackageReference section */
		E63C52312C4D289000CAEB2F /* XCRemoteSwiftPackageReference "Glur" */ = {
			isa = XCRemoteSwiftPackageReference;
			repositoryURL = "https://github.com/joogps/Glur.git";
			requirement = {
				kind = upToNextMajorVersion;
				minimumVersion = 1.0.4;
			};
		};
		E6590E662C64AF490096EBAF /* XCRemoteSwiftPackageReference "Nuke" */ = {
			isa = XCRemoteSwiftPackageReference;
			repositoryURL = "https://github.com/kean/Nuke.git";
			requirement = {
				kind = upToNextMajorVersion;
				minimumVersion = 12.8.0;
			};
		};
		E667CD772C55FC74000718FC /* XCRemoteSwiftPackageReference "Variablur" */ = {
			isa = XCRemoteSwiftPackageReference;
			repositoryURL = "https://github.com/daprice/Variablur.git";
			requirement = {
				branch = main;
				kind = branch;
			};
		};
/* End XCRemoteSwiftPackageReference section */

/* Begin XCSwiftPackageProductDependency section */
		E63C52322C4D29CD00CAEB2F /* Glur */ = {
			isa = XCSwiftPackageProductDependency;
			package = E63C52312C4D289000CAEB2F /* XCRemoteSwiftPackageReference "Glur" */;
			productName = Glur;
		};
		E6590E672C64AF490096EBAF /* Nuke */ = {
			isa = XCSwiftPackageProductDependency;
			package = E6590E662C64AF490096EBAF /* XCRemoteSwiftPackageReference "Nuke" */;
			productName = Nuke;
		};
		E6590E692C64AF490096EBAF /* NukeUI */ = {
			isa = XCSwiftPackageProductDependency;
			package = E6590E662C64AF490096EBAF /* XCRemoteSwiftPackageReference "Nuke" */;
			productName = NukeUI;
		};
		E667CD782C55FC74000718FC /* Variablur */ = {
			isa = XCSwiftPackageProductDependency;
			package = E667CD772C55FC74000718FC /* XCRemoteSwiftPackageReference "Variablur" */;
			productName = Variablur;
		};
/* End XCSwiftPackageProductDependency section */
	};
	rootObject = E666111F2C2C1782007839E6 /* Project object */;
}
